
Microsoft Visual Studio Solution File, Format Version 12.00
# Visual Studio Version 17
VisualStudioVersion = 17.3.32929.385
MinimumVisualStudioVersion = 10.0.40219.1
Project("{9A19103F-16F7-4668-BE54-9A1E7A4F7556}") = "HouseRentingSystem", "HouseRentingSystem\HouseRentingSystem.csproj", "{030D2FA4-285F-4FF2-9620-C6933591430C}"
EndProject
Project("{9A19103F-16F7-4668-BE54-9A1E7A4F7556}") = "HouseRentingSystem.Infrastructure", "HouseRentingSystem.Infrastructure\HouseRentingSystem.Infrastructure.csproj", "{E0B12909-6E3D-4C9A-98C6-1D53D6C19CBB}"
EndProject
Project("{9A19103F-16F7-4668-BE54-9A1E7A4F7556}") = "HouseRentingSystem.Core", "HouseRentingSystem.Core\HouseRentingSystem.Core.csproj", "{C90A62F5-FA6C-4BE4-82E0-1045A8399A18}"
EndProject
Project("{9A19103F-16F7-4668-BE54-9A1E7A4F7556}") = "HouseRentingSystem.UnitTests", "HouseRentingSystem.UnitTests\HouseRentingSystem.UnitTests.csproj", "{5AA2DB0D-F585-4D4A-9E4D-956348739755}"
EndProject
Project("{FAE04EC0-301F-11D3-BF4B-00C04F79EFBC}") = "HouseRentingSystem.WebApi", "HouseRentingSystem.WebApi\HouseRentingSystem.WebApi.csproj", "{BBE5A176-8EFA-4FBC-9335-7A41A56B8A72}"
EndProject
Global
	GlobalSection(SolutionConfigurationPlatforms) = preSolution
		Debug|Any CPU = Debug|Any CPU
		Release|Any CPU = Release|Any CPU
	EndGlobalSection
	GlobalSection(ProjectConfigurationPlatforms) = postSolution
		{030D2FA4-285F-4FF2-9620-C6933591430C}.Debug|Any CPU.ActiveCfg = Debug|Any CPU
		{030D2FA4-285F-4FF2-9620-C6933591430C}.Debug|Any CPU.Build.0 = Debug|Any CPU
		{030D2FA4-285F-4FF2-9620-C6933591430C}.Release|Any CPU.ActiveCfg = Release|Any CPU
		{030D2FA4-285F-4FF2-9620-C6933591430C}.Release|Any CPU.Build.0 = Release|Any CPU
		{E0B12909-6E3D-4C9A-98C6-1D53D6C19CBB}.Debug|Any CPU.ActiveCfg = Debug|Any CPU
		{E0B12909-6E3D-4C9A-98C6-1D53D6C19CBB}.Debug|Any CPU.Build.0 = Debug|Any CPU
		{E0B12909-6E3D-4C9A-98C6-1D53D6C19CBB}.Release|Any CPU.ActiveCfg = Release|Any CPU
		{E0B12909-6E3D-4C9A-98C6-1D53D6C19CBB}.Release|Any CPU.Build.0 = Release|Any CPU
		{C90A62F5-FA6C-4BE4-82E0-1045A8399A18}.Debug|Any CPU.ActiveCfg = Debug|Any CPU
		{C90A62F5-FA6C-4BE4-82E0-1045A8399A18}.Debug|Any CPU.Build.0 = Debug|Any CPU
		{C90A62F5-FA6C-4BE4-82E0-1045A8399A18}.Release|Any CPU.ActiveCfg = Release|Any CPU
		{C90A62F5-FA6C-4BE4-82E0-1045A8399A18}.Release|Any CPU.Build.0 = Release|Any CPU
		{5AA2DB0D-F585-4D4A-9E4D-956348739755}.Debug|Any CPU.ActiveCfg = Debug|Any CPU
		{5AA2DB0D-F585-4D4A-9E4D-956348739755}.Debug|Any CPU.Build.0 = Debug|Any CPU
		{5AA2DB0D-F585-4D4A-9E4D-956348739755}.Release|Any CPU.ActiveCfg = Release|Any CPU
		{5AA2DB0D-F585-4D4A-9E4D-956348739755}.Release|Any CPU.Build.0 = Release|Any CPU
		{BBE5A176-8EFA-4FBC-9335-7A41A56B8A72}.Debug|Any CPU.ActiveCfg = Debug|Any CPU
		{BBE5A176-8EFA-4FBC-9335-7A41A56B8A72}.Debug|Any CPU.Build.0 = Debug|Any CPU
		{BBE5A176-8EFA-4FBC-9335-7A41A56B8A72}.Release|Any CPU.ActiveCfg = Release|Any CPU
		{BBE5A176-8EFA-4FBC-9335-7A41A56B8A72}.Release|Any CPU.Build.0 = Release|Any CPU
	EndGlobalSection
	GlobalSection(SolutionProperties) = preSolution
		HideSolutionNode = FALSE
	EndGlobalSection
	GlobalSection(ExtensibilityGlobals) = postSolution
		SolutionGuid = {23B63B5D-D2E9-4C12-A63E-AF6F5A3A2DF1}
	EndGlobalSection
EndGlobal
